Microsoft Visual Studio Solution File, Format Version 12.00
# Visual Studio 2012
Project("{FAE04EC0-301F-11D3-BF4B-00C04F79EFBC}") = "WILD WINGS", "WILD WINGS.csproj", "{CFB82260-EA23-4DF7-842E-8FF5AEF6A242}"
EndProject
Global
	GlobalSection(SolutionConfigurationPlatforms) = preSolution
	Debug|Any CPU = Debug|Any CPU
	ExportDebug|Any CPU = ExportDebug|Any CPU
	ExportRelease|Any CPU = ExportRelease|Any CPU
	EndGlobalSection
	GlobalSection(ProjectConfigurationPlatforms) = postSolution
		{CFB82260-EA23-4DF7-842E-8FF5AEF6A242}.Debug|Any CPU.ActiveCfg = Debug|Any CPU
		{CFB82260-EA23-4DF7-842E-8FF5AEF6A242}.Debug|Any CPU.Build.0 = Debug|Any CPU
		{CFB82260-EA23-4DF7-842E-8FF5AEF6A242}.ExportDebug|Any CPU.ActiveCfg = ExportDebug|Any CPU
		{CFB82260-EA23-4DF7-842E-8FF5AEF6A242}.ExportDebug|Any CPU.Build.0 = ExportDebug|Any CPU
		{CFB82260-EA23-4DF7-842E-8FF5AEF6A242}.ExportRelease|Any CPU.ActiveCfg = ExportRelease|Any CPU
		{CFB82260-EA23-4DF7-842E-8FF5AEF6A242}.ExportRelease|Any CPU.Build.0 = ExportRelease|Any CPU
	EndGlobalSection
EndGlobal
